{
  "version": 4,
  "terraform_version": "1.4.2",
  "serial": 280,
  "lineage": "a6a3495f-a993-1f80-0351-6eb0c37e967e",
  "outputs": {
    "db-address": {
      "value": "terraform-20230410212044570500000001.cadgik6opihl.us-east-2.rds.amazonaws.com",
      "type": "string"
    },
    "ip": {
      "value": "18.188.188.24",
      "type": "string"
    }
  },
  "resources": [
    {
      "mode": "data",
      "type": "template_file",
      "name": "user_data",
      "provider": "provider[\"registry.terraform.io/hashicorp/template\"]",
      "instances": [
        {
          "schema_version": 0,
          "attributes": {
            "filename": null,
            "id": "0651c3f0dcd5250ea7e8784f559e5632abcf548d9daca5c63751cecca1c54a45",
            "rendered": "#!/bin/bash\n\n# varaible will be populated by terraform template\ndb_RDS=terraform-20230410212044570500000001.cadgik6opihl.us-east-2.rds.amazonaws.com\n\necho export DB_HOSTNAME=$db_RDS | sudo tee -a /etc/profile\n\n\n\n\n\n\n\n",
            "template": "#!/bin/bash\n\n# varaible will be populated by terraform template\ndb_RDS=${db_RDS}\n\necho export DB_HOSTNAME=$db_RDS | sudo tee -a /etc/profile\n\n\n\n\n\n\n\n",
            "vars": {
              "db_RDS": "terraform-20230410212044570500000001.cadgik6opihl.us-east-2.rds.amazonaws.com"
            }
          },
          "sensitive_attributes": []
        }
      ]
    },
    {
      "mode": "managed",
      "type": "aws_db_instance",
      "name": "photogallery",
      "provider": "provider[\"registry.terraform.io/hashicorp/aws\"]",
      "instances": [
        {
          "schema_version": 1,
          "attributes": {
            "address": "terraform-20230410212044570500000001.cadgik6opihl.us-east-2.rds.amazonaws.com",
            "allocated_storage": 10,
            "allow_major_version_upgrade": null,
            "apply_immediately": false,
            "arn": "arn:aws:rds:us-east-2:163682777044:db:terraform-20230410212044570500000001",
            "auto_minor_version_upgrade": true,
            "availability_zone": "us-east-2a",
            "backup_retention_period": 0,
            "backup_window": "07:40-08:10",
            "blue_green_update": [],
            "ca_cert_identifier": "rds-ca-2019",
            "character_set_name": "",
            "copy_tags_to_snapshot": false,
            "custom_iam_instance_profile": "",
            "customer_owned_ip_enabled": false,
            "db_name": "photodbs",
            "db_subnet_group_name": "default",
            "delete_automated_backups": true,
            "deletion_protection": false,
            "domain": "",
            "domain_iam_role_name": "",
            "enabled_cloudwatch_logs_exports": null,
            "endpoint": "terraform-20230410212044570500000001.cadgik6opihl.us-east-2.rds.amazonaws.com:3306",
            "engine": "mysql",
            "engine_version": "5.7",
            "engine_version_actual": "5.7.41",
            "final_snapshot_identifier": null,
            "hosted_zone_id": "Z2XHWR1WZ565X2",
            "iam_database_authentication_enabled": false,
            "id": "terraform-20230410212044570500000001",
            "identifier": "terraform-20230410212044570500000001",
            "identifier_prefix": "terraform-",
            "instance_class": "db.t3.micro",
            "iops": 0,
            "kms_key_id": "",
            "latest_restorable_time": "",
            "license_model": "general-public-license",
            "listener_endpoint": [],
            "maintenance_window": "sun:06:22-sun:06:52",
            "max_allocated_storage": 0,
            "monitoring_interval": 0,
            "monitoring_role_arn": "",
            "multi_az": false,
            "name": "photodbs",
            "nchar_character_set_name": "",
            "network_type": "IPV4",
            "option_group_name": "default:mysql-5-7",
            "parameter_group_name": "default.mysql5.7",
            "password": "photo123",
            "performance_insights_enabled": false,
            "performance_insights_kms_key_id": "",
            "performance_insights_retention_period": 0,
            "port": 3306,
            "publicly_accessible": false,
            "replica_mode": "",
            "replicas": [],
            "replicate_source_db": "",
            "resource_id": "db-EIQTQUBMJXQR6TIXIW6SQCFW4U",
            "restore_to_point_in_time": [],
            "s3_import": [],
            "security_group_names": null,
            "skip_final_snapshot": true,
            "snapshot_identifier": null,
            "status": "available",
            "storage_encrypted": false,
            "storage_throughput": 0,
            "storage_type": "gp2",
            "tags": {
              "Name": "photogallery"
            },
            "tags_all": {
              "Name": "photogallery"
            },
            "timeouts": null,
            "timezone": "",
            "username": "photogallery",
            "vpc_security_group_ids": [
              "sg-00938f0dc7549a10f"
            ]
          },
          "sensitive_attributes": [],
          "private": "eyJlMmJmYjczMC1lY2FhLTExZTYtOGY4OC0zNDM2M2JjN2M0YzAiOnsiY3JlYXRlIjoyNDAwMDAwMDAwMDAwLCJkZWxldGUiOjM2MDAwMDAwMDAwMDAsInVwZGF0ZSI6NDgwMDAwMDAwMDAwMH0sInNjaGVtYV92ZXJzaW9uIjoiMSJ9",
          "dependencies": [
            "aws_security_group.allow-mysql",
            "aws_security_group.photogallery"
          ]
        }
      ]
    },
    {
      "mode": "managed",
      "type": "aws_iam_instance_profile",
      "name": "s3-mybucket-role-instanceprofile",
      "provider": "provider[\"registry.terraform.io/hashicorp/aws\"]",
      "instances": [
        {
          "schema_version": 0,
          "attributes": {
            "arn": "arn:aws:iam::163682777044:instance-profile/s3-mybucket-role",
            "create_date": "2023-04-10T21:20:40Z",
            "id": "s3-mybucket-role",
            "name": "s3-mybucket-role",
            "name_prefix": null,
            "path": "/",
            "role": "s3-mybucket-role",
            "tags": null,
            "tags_all": {},
            "unique_id": "AIPASMHCA67KGUNUT6HKU"
          },
          "sensitive_attributes": [],
          "private": "bnVsbA==",
          "dependencies": [
            "aws_iam_role.s3-mybucket-role"
          ]
        }
      ]
    },
    {
      "mode": "managed",
      "type": "aws_iam_role",
      "name": "s3-mybucket-role",
      "provider": "provider[\"registry.terraform.io/hashicorp/aws\"]",
      "instances": [
        {
          "schema_version": 0,
          "attributes": {
            "arn": "arn:aws:iam::163682777044:role/s3-mybucket-role",
            "assume_role_policy": "{\"Statement\":[{\"Action\":\"sts:AssumeRole\",\"Effect\":\"Allow\",\"Principal\":{\"Service\":\"ec2.amazonaws.com\"},\"Sid\":\"\"}],\"Version\":\"2012-10-17\"}",
            "create_date": "2023-04-10T21:20:40Z",
            "description": "",
            "force_detach_policies": false,
            "id": "s3-mybucket-role",
            "inline_policy": [],
            "managed_policy_arns": [],
            "max_session_duration": 3600,
            "name": "s3-mybucket-role",
            "name_prefix": "",
            "path": "/",
            "permissions_boundary": null,
            "tags": null,
            "tags_all": {},
            "unique_id": "AROASMHCA67KLDP5GMHDB"
          },
          "sensitive_attributes": [],
          "private": "bnVsbA=="
        }
      ]
    },
    {
      "mode": "managed",
      "type": "aws_iam_role_policy",
      "name": "s3-mybucket-role-policy",
      "provider": "provider[\"registry.terraform.io/hashicorp/aws\"]",
      "instances": [
        {
          "schema_version": 0,
          "attributes": {
            "id": "s3-mybucket-role:s3-mybucket-role-policy",
            "name": "s3-mybucket-role-policy",
            "name_prefix": null,
            "policy": "{\"Version\":\"2012-10-17\",\"Statement\":[{\"Action\":[\"s3:*\"],\"Effect\":\"Allow\",\"Resource\":[\"arn:aws:s3:::photobucket-janssen-scott-cs4803\",\"arn:aws:s3:::photobucket-janssen-scott-cs4803/*\"]}]}",
            "role": "s3-mybucket-role"
          },
          "sensitive_attributes": [],
          "private": "bnVsbA==",
          "dependencies": [
            "aws_iam_role.s3-mybucket-role"
          ]
        }
      ]
    },
    {
      "mode": "managed",
      "type": "aws_instance",
      "name": "photogallery",
      "provider": "provider[\"registry.terraform.io/hashicorp/aws\"]",
      "instances": [
        {
          "schema_version": 1,
          "attributes": {
            "ami": "ami-00eeedc4036573771",
            "arn": "arn:aws:ec2:us-east-2:163682777044:instance/i-03c965afaf157d3f7",
            "associate_public_ip_address": true,
            "availability_zone": "us-east-2c",
            "capacity_reservation_specification": [
              {
                "capacity_reservation_preference": "open",
                "capacity_reservation_target": []
              }
            ],
            "cpu_core_count": 1,
            "cpu_threads_per_core": 1,
            "credit_specification": [
              {
                "cpu_credits": "standard"
              }
            ],
            "disable_api_stop": false,
            "disable_api_termination": false,
            "ebs_block_device": [],
            "ebs_optimized": false,
            "enclave_options": [
              {
                "enabled": false
              }
            ],
            "ephemeral_block_device": [],
            "get_password_data": false,
            "hibernation": false,
            "host_id": "",
            "host_resource_group_arn": null,
            "iam_instance_profile": "s3-mybucket-role",
            "id": "i-03c965afaf157d3f7",
            "instance_initiated_shutdown_behavior": "stop",
            "instance_state": "running",
            "instance_type": "t2.nano",
            "ipv6_address_count": 0,
            "ipv6_addresses": [],
            "key_name": "mykeypair",
            "launch_template": [],
            "maintenance_options": [
              {
                "auto_recovery": "default"
              }
            ],
            "metadata_options": [
              {
                "http_endpoint": "enabled",
                "http_put_response_hop_limit": 1,
                "http_tokens": "optional",
                "instance_metadata_tags": "disabled"
              }
            ],
            "monitoring": false,
            "network_interface": [],
            "outpost_arn": "",
            "password_data": "",
            "placement_group": "",
            "placement_partition_number": 0,
            "primary_network_interface_id": "eni-06efc7bd468872438",
            "private_dns": "ip-172-31-36-254.us-east-2.compute.internal",
            "private_dns_name_options": [
              {
                "enable_resource_name_dns_a_record": false,
                "enable_resource_name_dns_aaaa_record": false,
                "hostname_type": "ip-name"
              }
            ],
            "private_ip": "172.31.36.254",
            "public_dns": "ec2-18-188-188-24.us-east-2.compute.amazonaws.com",
            "public_ip": "18.188.188.24",
            "root_block_device": [
              {
                "delete_on_termination": true,
                "device_name": "/dev/sda1",
                "encrypted": false,
                "iops": 100,
                "kms_key_id": "",
                "tags": {},
                "throughput": 0,
                "volume_id": "vol-0393fa6b6d53bc178",
                "volume_size": 8,
                "volume_type": "gp2"
              }
            ],
            "secondary_private_ips": [],
            "security_groups": [
              "photogallery-sg"
            ],
            "source_dest_check": true,
            "subnet_id": "subnet-0a1a4c81f23bed9d0",
            "tags": {
              "Name": "photogallery"
            },
            "tags_all": {
              "Name": "photogallery"
            },
            "tenancy": "default",
            "timeouts": null,
            "user_data": "16ac717a85c3afc9b73332e604eac5cc7ce02105",
            "user_data_base64": null,
            "user_data_replace_on_change": false,
            "volume_tags": null,
            "vpc_security_group_ids": [
              "sg-0bd9d7e36dd6647df"
            ]
          },
          "sensitive_attributes": [],
          "private": "eyJlMmJmYjczMC1lY2FhLTExZTYtOGY4OC0zNDM2M2JjN2M0YzAiOnsiY3JlYXRlIjo2MDAwMDAwMDAwMDAsImRlbGV0ZSI6MTIwMDAwMDAwMDAwMCwidXBkYXRlIjo2MDAwMDAwMDAwMDB9LCJzY2hlbWFfdmVyc2lvbiI6IjEifQ==",
          "dependencies": [
            "aws_db_instance.photogallery",
            "aws_iam_instance_profile.s3-mybucket-role-instanceprofile",
            "aws_iam_role.s3-mybucket-role",
            "aws_key_pair.mykeypair",
            "aws_security_group.allow-mysql",
            "aws_security_group.photogallery",
            "data.template_file.user_data",
            "tls_private_key.rsa"
          ]
        }
      ]
    },
    {
      "mode": "managed",
      "type": "aws_key_pair",
      "name": "mykeypair",
      "provider": "provider[\"registry.terraform.io/hashicorp/aws\"]",
      "instances": [
        {
          "schema_version": 1,
          "attributes": {
            "arn": "arn:aws:ec2:us-east-2:163682777044:key-pair/mykeypair",
            "fingerprint": "c4:0e:89:87:27:63:e2:49:3f:21:64:37:19:c8:06:a9",
            "id": "mykeypair",
            "key_name": "mykeypair",
            "key_name_prefix": "",
            "key_pair_id": "key-0fefd9defab99a69b",
            "key_type": "rsa",
            "public_key": "ssh-rsa AAAAB3NzaC1yc2EAAAADAQABAAACAQC2pyI3yuYE2W3foHJQxM2sCBIyMNcjIQuFojuNo5jIu16l80GGA2O16sh6fsn5b5eIJ7A5T+GjnBOHEhTNH4Wdhga1UplQflcflVtzUIuaSAXdSlXGgv/naNuUOeNihyMzBkB7+REE4Af1JSEaMcdB8yScRLubTbB+tRRPOlo3PMvPTVD4p8to2pxyHTe9BGwnwFATrL6+5oqpRRogPey5gzLcObFkw7XZdW+fJ+9F2WffSns2p2X6O/25xaIOmwmd7WghcPTvVXy/2aijPmCsGqUUnRgvORCO+VMUa72aQXd2ZL9xeViBwjjuayEg9ltVtIHhBb7GIvEfSixbwbYjOhm8zL7nIRl98A6Js9MsNVt/swLf1S7K61dJfCsftFtcT1aBqpRXVjm8oV2j/JMC5i9zdxO0hD0/06K7oWm0O1hfl1RUgyHkyjNaMySO1nWKzxqlvY5MfoMGm+h2bCMACd5jVeMcECjX3GrI9jVab2oK1BGz2Dz3ClLxorNOUXmNnHMgHgiLd4OtSYnq3VJiCJ1Bzr8ov7ppfvak2gqeeP/0Em+pili/RWCakg3eLQGKgA6Gv2sYyBbVwaL6n08pko9YusiX/5egCGBL/mumdOQi1L4jGRyIaTHzw0ekNEr3bfkY4x2fLjyB/1d0rkvwhCPVi6JBFBO6N2XwDi3jfw==",
            "tags": null,
            "tags_all": {}
          },
          "sensitive_attributes": [],
          "private": "eyJzY2hlbWFfdmVyc2lvbiI6IjEifQ==",
          "dependencies": [
            "tls_private_key.rsa"
          ]
        }
      ]
    },
    {
      "mode": "managed",
      "type": "aws_s3_bucket",
      "name": "photobucket",
      "provider": "provider[\"registry.terraform.io/hashicorp/aws\"]",
      "instances": [
        {
          "schema_version": 0,
          "attributes": {
            "acceleration_status": "",
            "acl": null,
            "arn": "arn:aws:s3:::photobucket-janssen-scott-cs4803",
            "bucket": "photobucket-janssen-scott-cs4803",
            "bucket_domain_name": "photobucket-janssen-scott-cs4803.s3.amazonaws.com",
            "bucket_prefix": null,
            "bucket_regional_domain_name": "photobucket-janssen-scott-cs4803.s3.us-east-2.amazonaws.com",
            "cors_rule": [],
            "force_destroy": true,
            "grant": [
              {
                "id": "f50442f86840450c250d3a29c883dbb9e08c59721617102a107b5d9aa8f4d392",
                "permissions": [
                  "FULL_CONTROL"
                ],
                "type": "CanonicalUser",
                "uri": ""
              }
            ],
            "hosted_zone_id": "Z2O1EMRO9K5GLX",
            "id": "photobucket-janssen-scott-cs4803",
            "lifecycle_rule": [],
            "logging": [],
            "object_lock_configuration": [],
            "object_lock_enabled": false,
            "policy": "",
            "region": "us-east-2",
            "replication_configuration": [],
            "request_payer": "BucketOwner",
            "server_side_encryption_configuration": [
              {
                "rule": [
                  {
                    "apply_server_side_encryption_by_default": [
                      {
                        "kms_master_key_id": "",
                        "sse_algorithm": "AES256"
                      }
                    ],
                    "bucket_key_enabled": false
                  }
                ]
              }
            ],
            "tags": {
              "Name": "photobucket-janssen-scott-cs4803"
            },
            "tags_all": {
              "Name": "photobucket-janssen-scott-cs4803"
            },
            "timeouts": null,
            "versioning": [
              {
                "enabled": false,
                "mfa_delete": false
              }
            ],
            "website": [],
            "website_domain": null,
            "website_endpoint": null
          },
          "sensitive_attributes": [],
          "private": "eyJlMmJmYjczMC1lY2FhLTExZTYtOGY4OC0zNDM2M2JjN2M0YzAiOnsiY3JlYXRlIjoxMjAwMDAwMDAwMDAwLCJkZWxldGUiOjM2MDAwMDAwMDAwMDAsInJlYWQiOjEyMDAwMDAwMDAwMDAsInVwZGF0ZSI6MTIwMDAwMDAwMDAwMH19"
        }
      ]
    },
    {
      "mode": "managed",
      "type": "aws_s3_bucket_acl",
      "name": "photobucket",
      "provider": "provider[\"registry.terraform.io/hashicorp/aws\"]",
      "instances": [
        {
          "schema_version": 0,
          "attributes": {
            "access_control_policy": [
              {
                "grant": [
                  {
                    "grantee": [
                      {
                        "display_name": "",
                        "email_address": "",
                        "id": "",
                        "type": "Group",
                        "uri": "http://acs.amazonaws.com/groups/global/AllUsers"
                      }
                    ],
                    "permission": "READ"
                  },
                  {
                    "grantee": [
                      {
                        "display_name": "",
                        "email_address": "",
                        "id": "f50442f86840450c250d3a29c883dbb9e08c59721617102a107b5d9aa8f4d392",
                        "type": "CanonicalUser",
                        "uri": ""
                      }
                    ],
                    "permission": "FULL_CONTROL"
                  }
                ],
                "owner": [
                  {
                    "display_name": "",
                    "id": "f50442f86840450c250d3a29c883dbb9e08c59721617102a107b5d9aa8f4d392"
                  }
                ]
              }
            ],
            "acl": "public-read",
            "bucket": "photobucket-janssen-scott-cs4803",
            "expected_bucket_owner": "",
            "id": "photobucket-janssen-scott-cs4803,public-read"
          },
          "sensitive_attributes": [],
          "private": "bnVsbA==",
          "dependencies": [
            "aws_s3_bucket.photobucket"
          ]
        }
      ]
    },
    {
      "mode": "managed",
      "type": "aws_s3_bucket_acl",
      "name": "photobucket_acl",
      "provider": "provider[\"registry.terraform.io/hashicorp/aws\"]",
      "instances": [
        {
          "schema_version": 0,
          "attributes": {
            "access_control_policy": [
              {
                "grant": [
                  {
                    "grantee": [
                      {
                        "display_name": "",
                        "email_address": "",
                        "id": "",
                        "type": "Group",
                        "uri": "http://acs.amazonaws.com/groups/global/AllUsers"
                      }
                    ],
                    "permission": "READ"
                  },
                  {
                    "grantee": [
                      {
                        "display_name": "",
                        "email_address": "",
                        "id": "f50442f86840450c250d3a29c883dbb9e08c59721617102a107b5d9aa8f4d392",
                        "type": "CanonicalUser",
                        "uri": ""
                      }
                    ],
                    "permission": "FULL_CONTROL"
                  }
                ],
                "owner": [
                  {
                    "display_name": "",
                    "id": "f50442f86840450c250d3a29c883dbb9e08c59721617102a107b5d9aa8f4d392"
                  }
                ]
              }
            ],
            "acl": "public-read",
            "bucket": "photobucket-janssen-scott-cs4803",
            "expected_bucket_owner": "",
            "id": "photobucket-janssen-scott-cs4803,public-read"
          },
          "sensitive_attributes": [],
          "private": "bnVsbA==",
          "dependencies": [
            "aws_s3_bucket.photobucket"
          ]
        }
      ]
    },
    {
      "mode": "managed",
      "type": "aws_s3_bucket_policy",
      "name": "photobucket",
      "provider": "provider[\"registry.terraform.io/hashicorp/aws\"]",
      "instances": [
        {
          "schema_version": 0,
          "attributes": {
            "bucket": "photobucket-janssen-scott-cs4803",
            "id": "photobucket-janssen-scott-cs4803",
            "policy": "{\"Statement\":[{\"Action\":\"s3:GetObject\",\"Effect\":\"Allow\",\"Principal\":\"*\",\"Resource\":[\"arn:aws:s3:::photobucket-janssen-scott-cs4803\",\"arn:aws:s3:::photobucket-janssen-scott-cs4803/*\"],\"Sid\":\"PublicReadGetObject\"}],\"Version\":\"2012-10-17\"}"
          },
          "sensitive_attributes": [],
          "private": "bnVsbA==",
          "dependencies": [
            "aws_s3_bucket.photobucket"
          ]
        }
      ]
    },
    {
      "mode": "managed",
      "type": "aws_s3_bucket_website_configuration",
      "name": "photobucket",
      "provider": "provider[\"registry.terraform.io/hashicorp/aws\"]",
      "instances": [
        {
          "schema_version": 0,
          "attributes": {
            "bucket": "photobucket-janssen-scott-cs4803",
            "error_document": [
              {
                "key": "error.html"
              }
            ],
            "expected_bucket_owner": "",
            "id": "photobucket-janssen-scott-cs4803",
            "index_document": [
              {
                "suffix": "index.html"
              }
            ],
            "redirect_all_requests_to": [],
            "routing_rule": [],
            "routing_rules": "",
            "website_domain": "s3-website.us-east-2.amazonaws.com",
            "website_endpoint": "photobucket-janssen-scott-cs4803.s3-website.us-east-2.amazonaws.com"
          },
          "sensitive_attributes": [],
          "private": "bnVsbA==",
          "dependencies": [
            "aws_s3_bucket.photobucket"
          ]
        }
      ]
    },
    {
      "mode": "managed",
      "type": "aws_security_group",
      "name": "allow-mysql",
      "provider": "provider[\"registry.terraform.io/hashicorp/aws\"]",
      "instances": [
        {
          "schema_version": 1,
          "attributes": {
            "arn": "arn:aws:ec2:us-east-2:163682777044:security-group/sg-00938f0dc7549a10f",
            "description": "allow-mysql",
            "egress": [
              {
                "cidr_blocks": [
                  "0.0.0.0/0"
                ],
                "description": "",
                "from_port": 0,
                "ipv6_cidr_blocks": [],
                "prefix_list_ids": [],
                "protocol": "-1",
                "security_groups": [],
                "self": true,
                "to_port": 0
              }
            ],
            "id": "sg-00938f0dc7549a10f",
            "ingress": [
              {
                "cidr_blocks": [],
                "description": "",
                "from_port": 3306,
                "ipv6_cidr_blocks": [],
                "prefix_list_ids": [],
                "protocol": "tcp",
                "security_groups": [
                  "sg-0bd9d7e36dd6647df"
                ],
                "self": false,
                "to_port": 3306
              }
            ],
            "name": "allow-mysql",
            "name_prefix": "",
            "owner_id": "163682777044",
            "revoke_rules_on_delete": false,
            "tags": {
              "Name": "allow-mysql"
            },
            "tags_all": {
              "Name": "allow-mysql"
            },
            "timeouts": null,
            "vpc_id": "vpc-0b99f13459a32f3b7"
          },
          "sensitive_attributes": [],
          "private": "eyJlMmJmYjczMC1lY2FhLTExZTYtOGY4OC0zNDM2M2JjN2M0YzAiOnsiY3JlYXRlIjo2MDAwMDAwMDAwMDAsImRlbGV0ZSI6OTAwMDAwMDAwMDAwfSwic2NoZW1hX3ZlcnNpb24iOiIxIn0=",
          "dependencies": [
            "aws_security_group.photogallery"
          ]
        }
      ]
    },
    {
      "mode": "managed",
      "type": "aws_security_group",
      "name": "photogallery",
      "provider": "provider[\"registry.terraform.io/hashicorp/aws\"]",
      "instances": [
        {
          "schema_version": 1,
          "attributes": {
            "arn": "arn:aws:ec2:us-east-2:163682777044:security-group/sg-0bd9d7e36dd6647df",
            "description": "security group that allows ssh and all egress traffic",
            "egress": [
              {
                "cidr_blocks": [
                  "0.0.0.0/0"
                ],
                "description": "",
                "from_port": 0,
                "ipv6_cidr_blocks": [],
                "prefix_list_ids": [],
                "protocol": "-1",
                "security_groups": [],
                "self": false,
                "to_port": 0
              }
            ],
            "id": "sg-0bd9d7e36dd6647df",
            "ingress": [
              {
                "cidr_blocks": [
                  "0.0.0.0/0"
                ],
                "description": "",
                "from_port": 22,
                "ipv6_cidr_blocks": [],
                "prefix_list_ids": [],
                "protocol": "tcp",
                "security_groups": [],
                "self": false,
                "to_port": 22
              },
              {
                "cidr_blocks": [
                  "0.0.0.0/0"
                ],
                "description": "",
                "from_port": 5000,
                "ipv6_cidr_blocks": [],
                "prefix_list_ids": [],
                "protocol": "tcp",
                "security_groups": [],
                "self": false,
                "to_port": 5000
              }
            ],
            "name": "photogallery-sg",
            "name_prefix": "",
            "owner_id": "163682777044",
            "revoke_rules_on_delete": false,
            "tags": {
              "Name": "photogallery"
            },
            "tags_all": {
              "Name": "photogallery"
            },
            "timeouts": null,
            "vpc_id": "vpc-0b99f13459a32f3b7"
          },
          "sensitive_attributes": [],
          "private": "eyJlMmJmYjczMC1lY2FhLTExZTYtOGY4OC0zNDM2M2JjN2M0YzAiOnsiY3JlYXRlIjo2MDAwMDAwMDAwMDAsImRlbGV0ZSI6OTAwMDAwMDAwMDAwfSwic2NoZW1hX3ZlcnNpb24iOiIxIn0="
        }
      ]
    },
    {
      "mode": "managed",
      "type": "local_file",
      "name": "my_key",
      "provider": "provider[\"registry.terraform.io/hashicorp/local\"]",
      "instances": [
        {
          "schema_version": 0,
          "attributes": {
            "content": "-----BEGIN RSA PRIVATE KEY-----\nMIIJJwIBAAKCAgEAtqciN8rmBNlt36ByUMTNrAgSMjDXIyELhaI7jaOYyLtepfNB\nhgNjterIen7J+W+XiCewOU/ho5wThxIUzR+FnYYGtVKZUH5XH5Vbc1CLmkgF3UpV\nxoL/52jblDnjYocjMwZAe/kRBOAH9SUhGjHHQfMknES7m02wfrUUTzpaNzzLz01Q\n+KfLaNqcch03vQRsJ8BQE6y+vuaKqUUaID3suYMy3DmxZMO12XVvnyfvRdln30p7\nNqdl+jv9ucWiDpsJne1oIXD071V8v9mooz5grBqlFJ0YLzkQjvlTFGu9mkF3dmS/\ncXlYgcI47mshIPZbVbSB4QW+xiLxH0osW8G2IzoZvMy+5yEZffAOibPTLDVbf7MC\n39UuyutXSXwrH7RbXE9WgaqUV1Y5vKFdo/yTAuYvc3cTtIQ9P9Oiu6FptDtYX5dU\nVIMh5MozWjMkjtZ1is8apb2OTH6DBpvodmwjAAneY1XjHBAo19xqyPY1Wm9qCtQR\ns9g89wpS8aKzTlF5jZxzIB4Ii3eDrUmJ6t1SYgidQc6/KL+6aX72pNoKnnj/9BJv\nqYpYv0VgmpIN3i0BioAOhr9rGMgW1cGi+p9PKZKPWLrIl/+XoAhgS/5rpnTkItS+\nIxkciGkx88NHpDRK9235GOMdny48gf9XdK5L8IQj1YuiQRQTujdl8A4t438CAwEA\nAQKCAgBy288Mvq6+xevuAHtihx++2qR2o3fmQ1V3h3ljrEjbkdgHC11c5KzDLQ08\n2pYwIRhtKmgK4kzGEdPF0Hz8MKJZWHrHc1Wt5ITs+4MylKf1MO1fJuuhladO4gWS\nxIRU5R4hbAEI9KrbIfZfFiYmzr66niebjS1ckBI4264V1F/+9GBF0BznAL1NBovy\nxqTSXAGXTbwNY0ffzCHOKAIx3D8MuZA2JKGE9/1W7h5vOzGf/wLuy2uIBuR941O+\niqVKAfyeLziYLuwXxO5ZxonhfcxU7bx5pgAbUgsznV29LbNhWWHCNcCdnu0lS/l5\nFC0VCVaOIqC53F8HQdnXD1GtsbbShyAzV7mMJ5k26tTqqyWmpVZBeeVriIhEc4AN\ncZ86awXkVtCwaztGw/5ROOPIaX4hgkyzh01rq8M5fhFZ8jaZl7p3NcgjbybC3wzX\nVGom9+zshyFpWUlI40T4+8Q6L4fe0LpxgdQFloZRIz8qMjuizemTRfG5b6Y6aNQ0\nEpaJXWunybYE/cKyMwiALCCDMztPMbrcgoD04A3q0YKXz5nPJBw6AImqEwMpwdo4\nYsIcie8LY+e8CHCm0fomP1gHx3P8TYA81N8UaZiJ8lDE71P8nVuePfcMnAj3A2w8\nHk0mi22Vk0KrG5VRCaycqD9IxWNdrpD2BM/M0OndR/1pW5VIQQKCAQEA7GMvyPTW\nRS0hTTUB/SxBSyX2jGw2lgcpRnr3xLta74r1O2QegZyGW9hEUCtAcpCzsJGVQjk6\npcnq1zgsKGlRJgU2QwrsoxGwb/s4W7wCjmIFo7OmKhl9G7Sc11gYiY5y7Q1V2JwX\nDfyOef7UB9ItfiC0cz0Axow6xRVNobRv/lIleCEzftGSAfy7QhP5cIOTNm1fHwuw\naLGh5Cvc+Nf+84K3Hzh0xyOQSxYbky5rGWux649WvfPMCMyplsHu6CM1Rmwf+hEq\njpcLhESsiQcm9VH0RoZLwg5S8rvYm35Xv1CjwpIb77v0n+v1ZNeRmNjE4c5BNfy/\nOp88m4cQDFAnKQKCAQEAxc6jIRQcbkOvFCD7LX5uNqIgBYYaowqg8yA+0oQLK+2A\nqoOZRw9PLmEKP9KLnA6dbPAAUlD0HAdQToSzFNCCAOZv3mQiO6+WFvwWNIa3WoN0\nJh9pKNiCFUWNt4+1Ze8t0fHDMdtcTjSv5N4FXw7JyvhHWUVo8QsXdx4aobDMjzP/\nLdmfX6IEIfMPa13lLU7OJMp+ytmQiOj1IM8L2Qmu0Lrx+0SoMrbIB5v0txlMSjOx\nDgeS5W8nj0ETu8X+IJl7Yc0Jj6s4NvQVum6Ef7LKrWmb5d7sEXlH8lQ3qgbwa2kw\nQdNIMt0A5+2RkU51s9l4zBxaVJEY/Xd7yJQmvatSZwKCAQA9l4p33fOGir/Gki02\nfjV1EysuY3PFm5ARoTC1vetvxtEm7GtWciZAABWsndhpAXMQap5tZuP1Fqtt8GDx\nFp/iPDFrPolx48YJJ3gDzvULjFbT1JdTGNkUQvcq1PVvwgIH6hWYHvOS3V9yQgeV\nEhpwZq0d6aMuGJOnjmlv3MfhiB3jMyNrw8c7ZVKVYQb5Xg8Ze13xhOYuITqBbTxi\nSkVPxZtZMyiaSpXqOpRswQd+1CTDr9F2JPPgxxLZCSbqrWHQO5QJYDeqd4i0qgAa\npBZujTAMwCk1Iu5R+Mfzm/PZEXXZ2KAW0u5mTODfqZtyK+kAvPEY1AYvjBYKoCJ6\nUtghAoIBACxtvTYwzjH2Ad0Di2csfpTG1WpoNJNqT7xMAdBG2DuFnOCvrj3HsoE4\nSpULNVBX+AP/5BKZHDsvaVo5c/+41XpeR8Iru4Ssa4m+FT63A3fRDsWBSJ1kA9PD\nS5FvNc8vaZs+MhmAq7rlGpzNQWeYarqsCVqDvI5nb13R5SlsDIYdp7MkridMvKDj\ndxMmg9MpYCPjV5c4Rr55lJVJ699TzXAUjUVipmS9qTAMV2rIw9nmwl3kVZoy3S/P\n7h6+2dV4o73Tz9H1Iys0p6y4JgqInf1VOy7mYx+Jnh9PyzDlXhrCBZTDX/QMr6do\nNMnuVYGP1xIBTEiyTmqf662hmRIA6QECggEABsiIk6JCKTxIj78oT45mTAPx0H4+\nyil9fGllx7cEkbVMh2xWHzQYGfsQyHRx3u24JPF6wvsRivEJsKPYB4lDtkxNU5nP\nwAijct7Fpo6G6E6TD2to2ENd8IKqoKcVr5BZ0/9mrueH+fsegkYAGYYTs1m910/h\n+D513oDeYfG31+2Isbr37aj5cxrNjNk79ITcfee0CAt2R8uiO+X+EU3Teu5/stVJ\n0huTegWYCp2/xXcBCMtqsaqGYSLVwGl+oOf9Dim/2k0dPuswr7pCpE02mcFZLXb/\nKGYdxDCSNBvDG8iPKGXOmR3N/zfcVXCizJCFBDKUduo5Haq2rahWQfcF9g==\n-----END RSA PRIVATE KEY-----\n",
            "content_base64": null,
            "content_base64sha256": "LSgtnj7FFNw52uJ89PIIQWMGnOjQG9dvxT7+ovQegYM=",
            "content_base64sha512": "fr1xD3SuDSpobGGdVDRh0+lYVj9TgcH++0WK1zzQ62IwSHMjSOc4qBbXe3LocGgP3NJ+y5i/quaTtwlQVAtNiA==",
            "content_md5": "6c2abbf987b1fb3d9071a2bbf9bfec59",
            "content_sha1": "dd87d236f473f17ad0423e9a2bf784e7494406d2",
            "content_sha256": "2d282d9e3ec514dc39dae27cf4f2084163069ce8d01bd76fc53efea2f41e8183",
            "content_sha512": "7ebd710f74ae0d2a686c619d543461d3e958563f5381c1fefb458ad73cd0eb623048732348e738a816d77b72e870680fdcd27ecb98bfaae693b70950540b4d88",
            "directory_permission": "0777",
            "file_permission": "0777",
            "filename": "mykeypair.pem",
            "id": "dd87d236f473f17ad0423e9a2bf784e7494406d2",
            "sensitive_content": null,
            "source": null
          },
          "sensitive_attributes": [
            [
              {
                "type": "get_attr",
                "value": "content"
              }
            ]
          ],
          "dependencies": [
            "tls_private_key.rsa"
          ]
        }
      ]
    },
    {
      "mode": "managed",
      "type": "tls_private_key",
      "name": "rsa",
      "provider": "provider[\"registry.terraform.io/hashicorp/tls\"]",
      "instances": [
        {
          "schema_version": 1,
          "attributes": {
            "algorithm": "RSA",
            "ecdsa_curve": "P224",
            "id": "1de29b5187316e81997accb79ce2c980679bdc16",
            "private_key_openssh": "-----BEGIN OPENSSH PRIVATE KEY-----\nb3BlbnNzaC1rZXktdjEAAAAABG5vbmUAAAAEbm9uZQAAAAAAAAABAAACFwAAAAdz\nc2gtcnNhAAAAAwEAAQAAAgEAtqciN8rmBNlt36ByUMTNrAgSMjDXIyELhaI7jaOY\nyLtepfNBhgNjterIen7J+W+XiCewOU/ho5wThxIUzR+FnYYGtVKZUH5XH5Vbc1CL\nmkgF3UpVxoL/52jblDnjYocjMwZAe/kRBOAH9SUhGjHHQfMknES7m02wfrUUTzpa\nNzzLz01Q+KfLaNqcch03vQRsJ8BQE6y+vuaKqUUaID3suYMy3DmxZMO12XVvnyfv\nRdln30p7Nqdl+jv9ucWiDpsJne1oIXD071V8v9mooz5grBqlFJ0YLzkQjvlTFGu9\nmkF3dmS/cXlYgcI47mshIPZbVbSB4QW+xiLxH0osW8G2IzoZvMy+5yEZffAOibPT\nLDVbf7MC39UuyutXSXwrH7RbXE9WgaqUV1Y5vKFdo/yTAuYvc3cTtIQ9P9Oiu6Fp\ntDtYX5dUVIMh5MozWjMkjtZ1is8apb2OTH6DBpvodmwjAAneY1XjHBAo19xqyPY1\nWm9qCtQRs9g89wpS8aKzTlF5jZxzIB4Ii3eDrUmJ6t1SYgidQc6/KL+6aX72pNoK\nnnj/9BJvqYpYv0VgmpIN3i0BioAOhr9rGMgW1cGi+p9PKZKPWLrIl/+XoAhgS/5r\npnTkItS+IxkciGkx88NHpDRK9235GOMdny48gf9XdK5L8IQj1YuiQRQTujdl8A4t\n438AAAc47cG7Ee3BuxEAAAAHc3NoLXJzYQAAAgEAtqciN8rmBNlt36ByUMTNrAgS\nMjDXIyELhaI7jaOYyLtepfNBhgNjterIen7J+W+XiCewOU/ho5wThxIUzR+FnYYG\ntVKZUH5XH5Vbc1CLmkgF3UpVxoL/52jblDnjYocjMwZAe/kRBOAH9SUhGjHHQfMk\nnES7m02wfrUUTzpaNzzLz01Q+KfLaNqcch03vQRsJ8BQE6y+vuaKqUUaID3suYMy\n3DmxZMO12XVvnyfvRdln30p7Nqdl+jv9ucWiDpsJne1oIXD071V8v9mooz5grBql\nFJ0YLzkQjvlTFGu9mkF3dmS/cXlYgcI47mshIPZbVbSB4QW+xiLxH0osW8G2IzoZ\nvMy+5yEZffAOibPTLDVbf7MC39UuyutXSXwrH7RbXE9WgaqUV1Y5vKFdo/yTAuYv\nc3cTtIQ9P9Oiu6FptDtYX5dUVIMh5MozWjMkjtZ1is8apb2OTH6DBpvodmwjAAne\nY1XjHBAo19xqyPY1Wm9qCtQRs9g89wpS8aKzTlF5jZxzIB4Ii3eDrUmJ6t1SYgid\nQc6/KL+6aX72pNoKnnj/9BJvqYpYv0VgmpIN3i0BioAOhr9rGMgW1cGi+p9PKZKP\nWLrIl/+XoAhgS/5rpnTkItS+IxkciGkx88NHpDRK9235GOMdny48gf9XdK5L8IQj\n1YuiQRQTujdl8A4t438AAAADAQABAAACAHLbzwy+rr7F6+4Ae2KHH77apHajd+ZD\nVXeHeWOsSNuR2AcLXVzkrMMtDTzaljAhGG0qaAriTMYR08XQfPwwollYesdzVa3k\nhOz7gzKUp/Uw7V8m66GVp07iBZLEhFTlHiFsAQj0qtsh9l8WJibOvrqeJ5uNLVyQ\nEjjbrhXUX/70YEXQHOcAvU0Gi/LGpNJcAZdNvA1jR9/MIc4oAjHcPwy5kDYkoYT3\n/VbuHm87MZ//Au7La4gG5H3jU76KpUoB/J4vOJgu7BfE7lnGieF9zFTtvHmmABtS\nCzOdXb0ts2FZYcI1wJ2e7SVL+XkULRUJVo4ioLncXwdB2dcPUa2xttKHIDNXuYwn\nmTbq1OqrJaalVkF55WuIiERzgA1xnzprBeRW0LBrO0bD/lE448hpfiGCTLOHTWur\nwzl+EVnyNpmXunc1yCNvJsLfDNdUaib37OyHIWlZSUjjRPj7xDovh97QunGB1AWW\nhlEjPyoyO6LN6ZNF8blvpjpo1DQSlolda6fJtgT9wrIzCIAsIIMzO08xutyCgPTg\nDerRgpfPmc8kHDoAiaoTAynB2jhiwhyJ7wtj57wIcKbR+iY/WAfHc/xNgDzU3xRp\nmInyUMTvU/ydW5499wycCPcDbDweTSaLbZWTQqsblVEJrJyoP0jFY12ukPYEz8zQ\n6d1H/WlblUhBAAABAAbIiJOiQik8SI+/KE+OZkwD8dB+PsopfXxpZce3BJG1TIds\nVh80GBn7EMh0cd7tuCTxesL7EYrxCbCj2AeJQ7ZMTVOZz8AIo3LexaaOhuhOkw9r\naNhDXfCCqqCnFa+QWdP/Zq7nh/n7HoJGABmGE7NZvddP4fg+dd6A3mHxt9ftiLG6\n9+2o+XMazYzZO/SE3H3ntAgLdkfLojvl/hFN03ruf7LVSdIbk3oFmAqdv8V3AQjL\narGqhmEi1cBpfqDn/Q4pv9pNHT7rMK+6QqRNNpnBWS12/yhmHcQwkjQbwxvIjyhl\nzpkdzf833FVwosyQhQQylHbqOR2qtq2oVkH3BfYAAAEBAOxjL8j01kUtIU01Af0s\nQUsl9oxsNpYHKUZ698S7Wu+K9TtkHoGchlvYRFArQHKQs7CRlUI5OqXJ6tc4LChp\nUSYFNkMK7KMRsG/7OFu8Ao5iBaOzpioZfRu0nNdYGImOcu0NVdicFw38jnn+1AfS\nLX4gtHM9AMaMOsUVTaG0b/5SJXghM37RkgH8u0IT+XCDkzZtXx8LsGixoeQr3PjX\n/vOCtx84dMcjkEsWG5MuaxlrseuPVr3zzAjMqZbB7ugjNUZsH/oRKo6XC4RErIkH\nJvVR9EaGS8IOUvK72Jt+V79Qo8KSG++79J/r9WTXkZjYxOHOQTX8vzqfPJuHEAxQ\nJykAAAEBAMXOoyEUHG5DrxQg+y1+bjaiIAWGGqMKoPMgPtKECyvtgKqDmUcPTy5h\nCj/Si5wOnWzwAFJQ9BwHUE6EsxTQggDmb95kIjuvlhb8FjSGt1qDdCYfaSjYghVF\njbePtWXvLdHxwzHbXE40r+TeBV8Oycr4R1lFaPELF3ceGqGwzI8z/y3Zn1+iBCHz\nD2td5S1OziTKfsrZkIjo9SDPC9kJrtC68ftEqDK2yAeb9LcZTEozsQ4HkuVvJ49B\nE7vF/iCZe2HNCY+rODb0FbpuhH+yyq1pm+Xe7BF5R/JUN6oG8GtpMEHTSDLdAOft\nkZFOdbPZeMwcWlSRGP13e8iUJr2rUmcAAAAAAQID\n-----END OPENSSH PRIVATE KEY-----\n",
            "private_key_pem": "-----BEGIN RSA PRIVATE KEY-----\nMIIJJwIBAAKCAgEAtqciN8rmBNlt36ByUMTNrAgSMjDXIyELhaI7jaOYyLtepfNB\nhgNjterIen7J+W+XiCewOU/ho5wThxIUzR+FnYYGtVKZUH5XH5Vbc1CLmkgF3UpV\nxoL/52jblDnjYocjMwZAe/kRBOAH9SUhGjHHQfMknES7m02wfrUUTzpaNzzLz01Q\n+KfLaNqcch03vQRsJ8BQE6y+vuaKqUUaID3suYMy3DmxZMO12XVvnyfvRdln30p7\nNqdl+jv9ucWiDpsJne1oIXD071V8v9mooz5grBqlFJ0YLzkQjvlTFGu9mkF3dmS/\ncXlYgcI47mshIPZbVbSB4QW+xiLxH0osW8G2IzoZvMy+5yEZffAOibPTLDVbf7MC\n39UuyutXSXwrH7RbXE9WgaqUV1Y5vKFdo/yTAuYvc3cTtIQ9P9Oiu6FptDtYX5dU\nVIMh5MozWjMkjtZ1is8apb2OTH6DBpvodmwjAAneY1XjHBAo19xqyPY1Wm9qCtQR\ns9g89wpS8aKzTlF5jZxzIB4Ii3eDrUmJ6t1SYgidQc6/KL+6aX72pNoKnnj/9BJv\nqYpYv0VgmpIN3i0BioAOhr9rGMgW1cGi+p9PKZKPWLrIl/+XoAhgS/5rpnTkItS+\nIxkciGkx88NHpDRK9235GOMdny48gf9XdK5L8IQj1YuiQRQTujdl8A4t438CAwEA\nAQKCAgBy288Mvq6+xevuAHtihx++2qR2o3fmQ1V3h3ljrEjbkdgHC11c5KzDLQ08\n2pYwIRhtKmgK4kzGEdPF0Hz8MKJZWHrHc1Wt5ITs+4MylKf1MO1fJuuhladO4gWS\nxIRU5R4hbAEI9KrbIfZfFiYmzr66niebjS1ckBI4264V1F/+9GBF0BznAL1NBovy\nxqTSXAGXTbwNY0ffzCHOKAIx3D8MuZA2JKGE9/1W7h5vOzGf/wLuy2uIBuR941O+\niqVKAfyeLziYLuwXxO5ZxonhfcxU7bx5pgAbUgsznV29LbNhWWHCNcCdnu0lS/l5\nFC0VCVaOIqC53F8HQdnXD1GtsbbShyAzV7mMJ5k26tTqqyWmpVZBeeVriIhEc4AN\ncZ86awXkVtCwaztGw/5ROOPIaX4hgkyzh01rq8M5fhFZ8jaZl7p3NcgjbybC3wzX\nVGom9+zshyFpWUlI40T4+8Q6L4fe0LpxgdQFloZRIz8qMjuizemTRfG5b6Y6aNQ0\nEpaJXWunybYE/cKyMwiALCCDMztPMbrcgoD04A3q0YKXz5nPJBw6AImqEwMpwdo4\nYsIcie8LY+e8CHCm0fomP1gHx3P8TYA81N8UaZiJ8lDE71P8nVuePfcMnAj3A2w8\nHk0mi22Vk0KrG5VRCaycqD9IxWNdrpD2BM/M0OndR/1pW5VIQQKCAQEA7GMvyPTW\nRS0hTTUB/SxBSyX2jGw2lgcpRnr3xLta74r1O2QegZyGW9hEUCtAcpCzsJGVQjk6\npcnq1zgsKGlRJgU2QwrsoxGwb/s4W7wCjmIFo7OmKhl9G7Sc11gYiY5y7Q1V2JwX\nDfyOef7UB9ItfiC0cz0Axow6xRVNobRv/lIleCEzftGSAfy7QhP5cIOTNm1fHwuw\naLGh5Cvc+Nf+84K3Hzh0xyOQSxYbky5rGWux649WvfPMCMyplsHu6CM1Rmwf+hEq\njpcLhESsiQcm9VH0RoZLwg5S8rvYm35Xv1CjwpIb77v0n+v1ZNeRmNjE4c5BNfy/\nOp88m4cQDFAnKQKCAQEAxc6jIRQcbkOvFCD7LX5uNqIgBYYaowqg8yA+0oQLK+2A\nqoOZRw9PLmEKP9KLnA6dbPAAUlD0HAdQToSzFNCCAOZv3mQiO6+WFvwWNIa3WoN0\nJh9pKNiCFUWNt4+1Ze8t0fHDMdtcTjSv5N4FXw7JyvhHWUVo8QsXdx4aobDMjzP/\nLdmfX6IEIfMPa13lLU7OJMp+ytmQiOj1IM8L2Qmu0Lrx+0SoMrbIB5v0txlMSjOx\nDgeS5W8nj0ETu8X+IJl7Yc0Jj6s4NvQVum6Ef7LKrWmb5d7sEXlH8lQ3qgbwa2kw\nQdNIMt0A5+2RkU51s9l4zBxaVJEY/Xd7yJQmvatSZwKCAQA9l4p33fOGir/Gki02\nfjV1EysuY3PFm5ARoTC1vetvxtEm7GtWciZAABWsndhpAXMQap5tZuP1Fqtt8GDx\nFp/iPDFrPolx48YJJ3gDzvULjFbT1JdTGNkUQvcq1PVvwgIH6hWYHvOS3V9yQgeV\nEhpwZq0d6aMuGJOnjmlv3MfhiB3jMyNrw8c7ZVKVYQb5Xg8Ze13xhOYuITqBbTxi\nSkVPxZtZMyiaSpXqOpRswQd+1CTDr9F2JPPgxxLZCSbqrWHQO5QJYDeqd4i0qgAa\npBZujTAMwCk1Iu5R+Mfzm/PZEXXZ2KAW0u5mTODfqZtyK+kAvPEY1AYvjBYKoCJ6\nUtghAoIBACxtvTYwzjH2Ad0Di2csfpTG1WpoNJNqT7xMAdBG2DuFnOCvrj3HsoE4\nSpULNVBX+AP/5BKZHDsvaVo5c/+41XpeR8Iru4Ssa4m+FT63A3fRDsWBSJ1kA9PD\nS5FvNc8vaZs+MhmAq7rlGpzNQWeYarqsCVqDvI5nb13R5SlsDIYdp7MkridMvKDj\ndxMmg9MpYCPjV5c4Rr55lJVJ699TzXAUjUVipmS9qTAMV2rIw9nmwl3kVZoy3S/P\n7h6+2dV4o73Tz9H1Iys0p6y4JgqInf1VOy7mYx+Jnh9PyzDlXhrCBZTDX/QMr6do\nNMnuVYGP1xIBTEiyTmqf662hmRIA6QECggEABsiIk6JCKTxIj78oT45mTAPx0H4+\nyil9fGllx7cEkbVMh2xWHzQYGfsQyHRx3u24JPF6wvsRivEJsKPYB4lDtkxNU5nP\nwAijct7Fpo6G6E6TD2to2ENd8IKqoKcVr5BZ0/9mrueH+fsegkYAGYYTs1m910/h\n+D513oDeYfG31+2Isbr37aj5cxrNjNk79ITcfee0CAt2R8uiO+X+EU3Teu5/stVJ\n0huTegWYCp2/xXcBCMtqsaqGYSLVwGl+oOf9Dim/2k0dPuswr7pCpE02mcFZLXb/\nKGYdxDCSNBvDG8iPKGXOmR3N/zfcVXCizJCFBDKUduo5Haq2rahWQfcF9g==\n-----END RSA PRIVATE KEY-----\n",
            "private_key_pem_pkcs8": "-----BEGIN PRIVATE KEY-----\nMIIJQQIBADANBgkqhkiG9w0BAQEFAASCCSswggknAgEAAoICAQC2pyI3yuYE2W3f\noHJQxM2sCBIyMNcjIQuFojuNo5jIu16l80GGA2O16sh6fsn5b5eIJ7A5T+GjnBOH\nEhTNH4Wdhga1UplQflcflVtzUIuaSAXdSlXGgv/naNuUOeNihyMzBkB7+REE4Af1\nJSEaMcdB8yScRLubTbB+tRRPOlo3PMvPTVD4p8to2pxyHTe9BGwnwFATrL6+5oqp\nRRogPey5gzLcObFkw7XZdW+fJ+9F2WffSns2p2X6O/25xaIOmwmd7WghcPTvVXy/\n2aijPmCsGqUUnRgvORCO+VMUa72aQXd2ZL9xeViBwjjuayEg9ltVtIHhBb7GIvEf\nSixbwbYjOhm8zL7nIRl98A6Js9MsNVt/swLf1S7K61dJfCsftFtcT1aBqpRXVjm8\noV2j/JMC5i9zdxO0hD0/06K7oWm0O1hfl1RUgyHkyjNaMySO1nWKzxqlvY5MfoMG\nm+h2bCMACd5jVeMcECjX3GrI9jVab2oK1BGz2Dz3ClLxorNOUXmNnHMgHgiLd4Ot\nSYnq3VJiCJ1Bzr8ov7ppfvak2gqeeP/0Em+pili/RWCakg3eLQGKgA6Gv2sYyBbV\nwaL6n08pko9YusiX/5egCGBL/mumdOQi1L4jGRyIaTHzw0ekNEr3bfkY4x2fLjyB\n/1d0rkvwhCPVi6JBFBO6N2XwDi3jfwIDAQABAoICAHLbzwy+rr7F6+4Ae2KHH77a\npHajd+ZDVXeHeWOsSNuR2AcLXVzkrMMtDTzaljAhGG0qaAriTMYR08XQfPwwollY\nesdzVa3khOz7gzKUp/Uw7V8m66GVp07iBZLEhFTlHiFsAQj0qtsh9l8WJibOvrqe\nJ5uNLVyQEjjbrhXUX/70YEXQHOcAvU0Gi/LGpNJcAZdNvA1jR9/MIc4oAjHcPwy5\nkDYkoYT3/VbuHm87MZ//Au7La4gG5H3jU76KpUoB/J4vOJgu7BfE7lnGieF9zFTt\nvHmmABtSCzOdXb0ts2FZYcI1wJ2e7SVL+XkULRUJVo4ioLncXwdB2dcPUa2xttKH\nIDNXuYwnmTbq1OqrJaalVkF55WuIiERzgA1xnzprBeRW0LBrO0bD/lE448hpfiGC\nTLOHTWurwzl+EVnyNpmXunc1yCNvJsLfDNdUaib37OyHIWlZSUjjRPj7xDovh97Q\nunGB1AWWhlEjPyoyO6LN6ZNF8blvpjpo1DQSlolda6fJtgT9wrIzCIAsIIMzO08x\nutyCgPTgDerRgpfPmc8kHDoAiaoTAynB2jhiwhyJ7wtj57wIcKbR+iY/WAfHc/xN\ngDzU3xRpmInyUMTvU/ydW5499wycCPcDbDweTSaLbZWTQqsblVEJrJyoP0jFY12u\nkPYEz8zQ6d1H/WlblUhBAoIBAQDsYy/I9NZFLSFNNQH9LEFLJfaMbDaWBylGevfE\nu1rvivU7ZB6BnIZb2ERQK0BykLOwkZVCOTqlyerXOCwoaVEmBTZDCuyjEbBv+zhb\nvAKOYgWjs6YqGX0btJzXWBiJjnLtDVXYnBcN/I55/tQH0i1+ILRzPQDGjDrFFU2h\ntG/+UiV4ITN+0ZIB/LtCE/lwg5M2bV8fC7BosaHkK9z41/7zgrcfOHTHI5BLFhuT\nLmsZa7Hrj1a988wIzKmWwe7oIzVGbB/6ESqOlwuERKyJByb1UfRGhkvCDlLyu9ib\nfle/UKPCkhvvu/Sf6/Vk15GY2MThzkE1/L86nzybhxAMUCcpAoIBAQDFzqMhFBxu\nQ68UIPstfm42oiAFhhqjCqDzID7ShAsr7YCqg5lHD08uYQo/0oucDp1s8ABSUPQc\nB1BOhLMU0IIA5m/eZCI7r5YW/BY0hrdag3QmH2ko2IIVRY23j7Vl7y3R8cMx21xO\nNK/k3gVfDsnK+EdZRWjxCxd3HhqhsMyPM/8t2Z9fogQh8w9rXeUtTs4kyn7K2ZCI\n6PUgzwvZCa7QuvH7RKgytsgHm/S3GUxKM7EOB5LlbyePQRO7xf4gmXthzQmPqzg2\n9BW6boR/ssqtaZvl3uwReUfyVDeqBvBraTBB00gy3QDn7ZGRTnWz2XjMHFpUkRj9\nd3vIlCa9q1JnAoIBAD2Xinfd84aKv8aSLTZ+NXUTKy5jc8WbkBGhMLW962/G0Sbs\na1ZyJkAAFayd2GkBcxBqnm1m4/UWq23wYPEWn+I8MWs+iXHjxgkneAPO9QuMVtPU\nl1MY2RRC9yrU9W/CAgfqFZge85LdX3JCB5USGnBmrR3poy4Yk6eOaW/cx+GIHeMz\nI2vDxztlUpVhBvleDxl7XfGE5i4hOoFtPGJKRU/Fm1kzKJpKleo6lGzBB37UJMOv\n0XYk8+DHEtkJJuqtYdA7lAlgN6p3iLSqABqkFm6NMAzAKTUi7lH4x/Ob89kRddnY\noBbS7mZM4N+pm3Ir6QC88RjUBi+MFgqgInpS2CECggEALG29NjDOMfYB3QOLZyx+\nlMbVamg0k2pPvEwB0EbYO4Wc4K+uPceygThKlQs1UFf4A//kEpkcOy9pWjlz/7jV\nel5Hwiu7hKxrib4VPrcDd9EOxYFInWQD08NLkW81zy9pmz4yGYCruuUanM1BZ5hq\nuqwJWoO8jmdvXdHlKWwMhh2nsySuJ0y8oON3EyaD0ylgI+NXlzhGvnmUlUnr31PN\ncBSNRWKmZL2pMAxXasjD2ebCXeRVmjLdL8/uHr7Z1XijvdPP0fUjKzSnrLgmCoid\n/VU7LuZjH4meH0/LMOVeGsIFlMNf9Ayvp2g0ye5VgY/XEgFMSLJOap/rraGZEgDp\nAQKCAQAGyIiTokIpPEiPvyhPjmZMA/HQfj7KKX18aWXHtwSRtUyHbFYfNBgZ+xDI\ndHHe7bgk8XrC+xGK8Qmwo9gHiUO2TE1Tmc/ACKNy3sWmjoboTpMPa2jYQ13wgqqg\npxWvkFnT/2au54f5+x6CRgAZhhOzWb3XT+H4PnXegN5h8bfX7YixuvftqPlzGs2M\n2Tv0hNx957QIC3ZHy6I75f4RTdN67n+y1UnSG5N6BZgKnb/FdwEIy2qxqoZhItXA\naX6g5/0OKb/aTR0+6zCvukKkTTaZwVktdv8oZh3EMJI0G8MbyI8oZc6ZHc3/N9xV\ncKLMkIUEMpR26jkdqratqFZB9wX2\n-----END PRIVATE KEY-----\n",
            "public_key_fingerprint_md5": "91:7e:a0:c4:cf:be:1f:8a:23:82:e5:67:2f:2e:7c:6a",
            "public_key_fingerprint_sha256": "SHA256:DpF47BketiGKuxyUAQ6VMNO5qbBKFp0D4/4Wi5Dd8xw",
            "public_key_openssh": "ssh-rsa AAAAB3NzaC1yc2EAAAADAQABAAACAQC2pyI3yuYE2W3foHJQxM2sCBIyMNcjIQuFojuNo5jIu16l80GGA2O16sh6fsn5b5eIJ7A5T+GjnBOHEhTNH4Wdhga1UplQflcflVtzUIuaSAXdSlXGgv/naNuUOeNihyMzBkB7+REE4Af1JSEaMcdB8yScRLubTbB+tRRPOlo3PMvPTVD4p8to2pxyHTe9BGwnwFATrL6+5oqpRRogPey5gzLcObFkw7XZdW+fJ+9F2WffSns2p2X6O/25xaIOmwmd7WghcPTvVXy/2aijPmCsGqUUnRgvORCO+VMUa72aQXd2ZL9xeViBwjjuayEg9ltVtIHhBb7GIvEfSixbwbYjOhm8zL7nIRl98A6Js9MsNVt/swLf1S7K61dJfCsftFtcT1aBqpRXVjm8oV2j/JMC5i9zdxO0hD0/06K7oWm0O1hfl1RUgyHkyjNaMySO1nWKzxqlvY5MfoMGm+h2bCMACd5jVeMcECjX3GrI9jVab2oK1BGz2Dz3ClLxorNOUXmNnHMgHgiLd4OtSYnq3VJiCJ1Bzr8ov7ppfvak2gqeeP/0Em+pili/RWCakg3eLQGKgA6Gv2sYyBbVwaL6n08pko9YusiX/5egCGBL/mumdOQi1L4jGRyIaTHzw0ekNEr3bfkY4x2fLjyB/1d0rkvwhCPVi6JBFBO6N2XwDi3jfw==\n",
            "public_key_pem": "-----BEGIN PUBLIC KEY-----\nMIICIjANBgkqhkiG9w0BAQEFAAOCAg8AMIICCgKCAgEAtqciN8rmBNlt36ByUMTN\nrAgSMjDXIyELhaI7jaOYyLtepfNBhgNjterIen7J+W+XiCewOU/ho5wThxIUzR+F\nnYYGtVKZUH5XH5Vbc1CLmkgF3UpVxoL/52jblDnjYocjMwZAe/kRBOAH9SUhGjHH\nQfMknES7m02wfrUUTzpaNzzLz01Q+KfLaNqcch03vQRsJ8BQE6y+vuaKqUUaID3s\nuYMy3DmxZMO12XVvnyfvRdln30p7Nqdl+jv9ucWiDpsJne1oIXD071V8v9mooz5g\nrBqlFJ0YLzkQjvlTFGu9mkF3dmS/cXlYgcI47mshIPZbVbSB4QW+xiLxH0osW8G2\nIzoZvMy+5yEZffAOibPTLDVbf7MC39UuyutXSXwrH7RbXE9WgaqUV1Y5vKFdo/yT\nAuYvc3cTtIQ9P9Oiu6FptDtYX5dUVIMh5MozWjMkjtZ1is8apb2OTH6DBpvodmwj\nAAneY1XjHBAo19xqyPY1Wm9qCtQRs9g89wpS8aKzTlF5jZxzIB4Ii3eDrUmJ6t1S\nYgidQc6/KL+6aX72pNoKnnj/9BJvqYpYv0VgmpIN3i0BioAOhr9rGMgW1cGi+p9P\nKZKPWLrIl/+XoAhgS/5rpnTkItS+IxkciGkx88NHpDRK9235GOMdny48gf9XdK5L\n8IQj1YuiQRQTujdl8A4t438CAwEAAQ==\n-----END PUBLIC KEY-----\n",
            "rsa_bits": 4096
          },
          "sensitive_attributes": []
        }
      ]
    }
  ],
  "check_results": null
}
